// !$*UTF8*$!
{
	archiveVersion = 1;
	classes = {
	};
	objectVersion = 46;
	objects = {

/* Begin PBXBuildFile section */
		B35672ED1EA7433300E5B431 /* main.m in Sources */ = {isa = PBXBuildFile; fileRef = B35672EC1EA7433300E5B431 /* main.m */; };
		B35672F01EA7433300E5B431 /* AppDelegate.m in Sources */ = {isa = PBXBuildFile; fileRef = B35672EF1EA7433300E5B431 /* AppDelegate.m */; };
		B35672F31EA7433300E5B431 /* ViewController.m in Sources */ = {isa = PBXBuildFile; fileRef = B35672F21EA7433300E5B431 /* ViewController.m */; };
		B35672F61EA7433300E5B431 /* Main.storyboard in Resources */ = {isa = PBXBuildFile; fileRef = B35672F41EA7433300E5B431 /* Main.storyboard */; };
		B35672F81EA7433300E5B431 /* Assets.xcassets in Resources */ = {isa = PBXBuildFile; fileRef = B35672F71EA7433300E5B431 /* Assets.xcassets */; };
		B35672FB1EA7433300E5B431 /* LaunchScreen.storyboard in Resources */ = {isa = PBXBuildFile; fileRef = B35672F91EA7433300E5B431 /* LaunchScreen.storyboard */; };
/* End PBXBuildFile section */

/* Begin PBXFileReference section */
		B35672E81EA7433300E5B431 /* TimeTunnel.app */ = {isa = PBXFileReference; explicitFileType = wrapper.application; includeInIndex = 0; path = TimeTunnel.app; sourceTree = BUILT_PRODUCTS_DIR; };
		B35672EC1EA7433300E5B431 /* main.m */ = {isa = PBXFileReference; lastKnownFileType = sourcecode.c.objc; path = main.m; sourceTree = "<group>"; };
		B35672EE1EA7433300E5B431 /* AppDelegate.h */ = {isa = PBXFileReference; lastKnownFileType = sourcecode.c.h; path = AppDelegate.h; sourceTree = "<group>"; };
		B35672EF1EA7433300E5B431 /* AppDelegate.m */ = {isa = PBXFileReference; lastKnownFileType = sourcecode.c.objc; path = AppDelegate.m; sourceTree = "<group>"; };
		B35672F11EA7433300E5B431 /* ViewController.h */ = {isa = PBXFileReference; lastKnownFileType = sourcecode.c.h; path = ViewController.h; sourceTree = "<group>"; };
		B35672F21EA7433300E5B431 /* ViewController.m */ = {isa = PBXFileReference; lastKnownFileType = sourcecode.c.objc; path = ViewController.m; sourceTree = "<group>"; };
		B35672F51EA7433300E5B431 /* Base */ = {isa = PBXFileReference; lastKnownFileType = file.storyboard; name = Base; path = Base.lproj/Main.storyboard; sourceTree = "<group>"; };
		B35672F71EA7433300E5B431 /* Assets.xcassets */ = {isa = PBXFileReference; lastKnownFileType = folder.assetcatalog; path = Assets.xcassets; sourceTree = "<group>"; };
		B35672FA1EA7433300E5B431 /* Base */ = {isa = PBXFileReference; lastKnownFileType = file.storyboard; name = Base; path = Base.lproj/LaunchScreen.storyboard; sourceTree = "<group>"; };
		B35672FC1EA7433300E5B431 /* Info.plist */ = {isa = PBXFileReference; lastKnownFileType = text.plist.xml; path = Info.plist; sourceTree = "<group>"; };
/* End PBXFileReference section */

/* Begin PBXFrameworksBuildPhase section */
		B35672E51EA7433300E5B431 /* Frameworks */ = {
			isa = PBXFrameworksBuildPhase;
			buildActionMask = 2147483647;
			files = (
			);
			runOnlyForDeploymentPostprocessing = 0;
		};
/* End PBXFrameworksBuildPhase section */

/* Begin PBXGroup section */
		B35672DF1EA7433300E5B431 = {
			isa = PBXGroup;
			children = (
				B35672EA1EA7433300E5B431 /* TimeTunnel */,
				B35672E91EA7433300E5B431 /* Products */,
			);
			sourceTree = "<group>";
		};
		B35672E91EA7433300E5B431 /* Products */ = {
			isa = PBXGroup;
			children = (
				B35672E81EA7433300E5B431 /* TimeTunnel.app */,
			);
			name = Products;
			sourceTree = "<group>";
		};
		B35672EA1EA7433300E5B431 /* TimeTunnel */ = {
			isa = PBXGroup;
			children = (
				B35672EE1EA7433300E5B431 /* AppDelegate.h */,
				B35672EF1EA7433300E5B431 /* AppDelegate.m */,
				B35672F11EA7433300E5B431 /* ViewController.h */,
				B35672F21EA7433300E5B431 /* ViewController.m */,
				B35672F41EA7433300E5B431 /* Main.storyboard */,
				B35672F71EA7433300E5B431 /* Assets.xcassets */,
				B35672F91EA7433300E5B431 /* LaunchScreen.storyboard */,
				B35672FC1EA7433300E5B431 /* Info.plist */,
				B35672EB1EA7433300E5B431 /* Supporting Files */,
			);
			path = TimeTunnel;
			sourceTree = "<group>";
		};
		B35672EB1EA7433300E5B431 /* Supporting Files */ = {
			isa = PBXGroup;
			children = (
				B35672EC1EA7433300E5B431 /* main.m */,
			);
			name = "Supporting Files";
			sourceTree = "<group>";
		};
/* End PBXGroup section */

/* Begin PBXNativeTarget section */
		B35672E71EA7433300E5B431 /* TimeTunnel */ = {
			isa = PBXNativeTarget;
			buildConfigurationList = B35672FF1EA7433300E5B431 /* Build configuration list for PBXNativeTarget "TimeTunnel" */;
			buildPhases = (
				B35672E41EA7433300E5B431 /* Sources */,
				B35672E51EA7433300E5B431 /* Frameworks */,
				B35672E61EA7433300E5B431 /* Resources */,
			);
			buildRules = (
			);
			dependencies = (
			);
			name = TimeTunnel;
			productName = TimeTunnel;
			productReference = B35672E81EA7433300E5B431 /* TimeTunnel.app */;
			productType = "com.apple.product-type.application";
		};
/* End PBXNativeTarget section */

/* Begin PBXProject section */
		B35672E01EA7433300E5B431 /* Project object */ = {
			isa = PBXProject;
			attributes = {
				LastUpgradeCheck = 0810;
				ORGANIZATIONNAME = Leo;
				TargetAttributes = {
					B35672E71EA7433300E5B431 = {
						CreatedOnToolsVersion = 8.1;
						DevelopmentTeam = S8JFV8DVLR;
						ProvisioningStyle = Automatic;
					};
				};
			};
			buildConfigurationList = B35672E31EA7433300E5B431 /* Build configuration list for PBXProject "TimeTunnel" */;
			compatibilityVersion = "Xcode 3.2";
			developmentRegion = English;
			hasScannedForEncodings = 0;
			knownRegions = (
				en,
				Base,
			);
			mainGroup = B35672DF1EA7433300E5B431;
			productRefGroup = B35672E91EA7433300E5B431 /* Products */;
			projectDirPath = "";
			projectRoot = "";
			targets = (
				B35672E71EA7433300E5B431 /* TimeTunnel */,
			);
		};
/* End PBXProject section */

/* Begin PBXResourcesBuildPhase section */
		B35672E61EA7433300E5B431 /* Resources */ = {
			isa = PBXResourcesBuildPhase;
			buildActionMask = 2147483647;
			files = (
				B35672FB1EA7433300E5B431 /* LaunchScreen.storyboard in Resources */,
				B35672F81EA7433300E5B431 /* Assets.xcassets in Resources */,
				B35672F61EA7433300E5B431 /* Main.storyboard in Resources */,
			);
			runOnlyForDeploymentPostprocessing = 0;
		};
/* End PBXResourcesBuildPhase section */

/* Begin PBXSourcesBuildPhase section */
		B35672E41EA7433300E5B431 /* Sources */ = {
			isa = PBXSourcesBuildPhase;
			buildActionMask = 2147483647;
			files = (
				B35672F31EA7433300E5B431 /* ViewController.m in Sources */,
				B35672F01EA7433300E5B431 /* AppDelegate.m in Sources */,
				B35672ED1EA7433300E5B431 /* main.m in Sources */,
			);
			runOnlyForDeploymentPostprocessing = 0;
		};
/* End PBXSourcesBuildPhase section */

/* Begin PBXVariantGroup section */
		B35672F41EA7433300E5B431 /* Main.storyboard */ = {
			isa = PBXVariantGroup;
			children = (
				B35672F51EA7433300E5B431 /* Base */,
			);
			name = Main.storyboard;
			sourceTree = "<group>";
		};
		B35672F91EA7433300E5B431 /* LaunchScreen.storyboard */ = {
			isa = PBXVariantGroup;
			children = (
				B35672FA1EA7433300E5B431 /* Base */,
			);
			name = LaunchScreen.storyboard;
			sourceTree = "<group>";
		};
/* End PBXVariantGroup section */

/* Begin XCBuildConfiguration section */
		B35672FD1EA7433300E5B431 /* Debug */ = {
			isa = XCBuildConfiguration;
			buildSettings = {
				ALWAYS_SEARCH_USER_PATHS = NO;
				CLANG_ANALYZER_NONNULL = YES;
				CLANG_CXX_LANGUAGE_STANDARD = "gnu++0x";
				CLANG_CXX_LIBRARY = "libc++";
				CLANG_ENABLE_MODULES = YES;
				CLANG_ENABLE_OBJC_ARC = YES;
				CLANG_WARN_BOOL_CONVERSION = YES;
				CLANG_WARN_CONSTANT_CONVERSION = YES;
				CLANG_WARN_DIRECT_OBJC_ISA_USAGE = YES_ERROR;
				CLANG_WARN_DOCUMENTATION_COMMENTS = YES;
				CLANG_WARN_EMPTY_BODY = YES;
				CLANG_WARN_ENUM_CONVERSION = YES;
				CLANG_WARN_INFINITE_RECURSION = YES;
				CLANG_WARN_INT_CONVERSION = YES;
				CLANG_WARN_OBJC_ROOT_CLASS = YES_ERROR;
				CLANG_WARN_SUSPICIOUS_MOVES = YES;
				CLANG_WARN_UNREACHABLE_CODE = YES;
				CLANG_WARN__DUPLICATE_METHOD_MATCH = YES;
				"CODE_SIGN_IDENTITY[sdk=iphoneos*]" = "iPhone Developer";
				COPY_PHASE_STRIP = NO;
				DEBUG_INFORMATION_FORMAT = dwarf;
				ENABLE_STRICT_OBJC_MSGSEND = YES;
				ENABLE_TESTABILITY = YES;
				GCC_C_LANGUAGE_STANDARD = gnu99;
				GCC_DYNAMIC_NO_PIC = NO;
				GCC_NO_COMMON_BLOCKS = YES;
				GCC_OPTIMIZATION_LEVEL = 0;
				GCC_PREPROCESSOR_DEFINITIONS = (
					"DEBUG=1",
					"$(inherited)",
				);
				GCC_WARN_64_TO_32_BIT_CONVERSION = YES;
				GCC_WARN_ABOUT_RETURN_TYPE = YES_ERROR;
				GCC_WARN_UNDECLARED_SELECTOR = YES;
				GCC_WARN_UNINITIALIZED_AUTOS = YES_AGGRESSIVE;
				GCC_WARN_UNUSED_FUNCTION = YES;
				GCC_WARN_UNUSED_VARIABLE = YES;
				IPHONEOS_DEPLOYMENT_TARGET = 10.1;
				MTL_ENABLE_DEBUG_INFO = YES;
				ONLY_ACTIVE_ARCH = YES;
				SDKROOT = iphoneos;
				TARGETED_DEVICE_FAMILY = "1,2";
			};
			name = Debug;
		};
		B35672FE1EA7433300E5B431 /* Release */ = {
			isa = XCBuildConfiguration;
			buildSettings = {
				ALWAYS_SEARCH_USER_PATHS = NO;
				CLANG_ANALYZER_NONNULL = YES;
				CLANG_CXX_LANGUAGE_STANDARD = "gnu++0x";
				CLANG_CXX_LIBRARY = "libc++";
				CLANG_ENABLE_MODULES = YES;
				CLANG_ENABLE_OBJC_ARC = YES;
				CLANG_WARN_BOOL_CONVERSION = YES;
				CLANG_WARN_CONSTANT_CONVERSION = YES;
				CLANG_WARN_DIRECT_OBJC_ISA_USAGE = YES_ERROR;
				CLANG_WARN_DOCUMENTATION_COMMENTS = YES;
				CLANG_WARN_EMPTY_BODY = YES;
				CLANG_WARN_ENUM_CONVERSION = YES;
				CLANG_WARN_INFINITE_RECURSION = YES;
				CLANG_WARN_INT_CONVERSION = YES;
				CLANG_WARN_OBJC_ROOT_CLASS = YES_ERROR;
				CLANG_WARN_SUSPICIOUS_MOVES = YES;
				CLANG_WARN_UNREACHABLE_CODE = YES;
				CLANG_WARN__DUPLICATE_METHOD_MATCH = YES;
				"CODE_SIGN_IDENTITY[sdk=iphoneos*]" = "iPhone Developer";
				COPY_PHASE_STRIP = NO;
				DEBUG_INFORMATION_FORMAT = "dwarf-with-dsym";
				ENABLE_NS_ASSERTIONS = NO;
				ENABLE_STRICT_OBJC_MSGSEND = YES;
				GCC_C_LANGUAGE_STANDARD = gnu99;
				GCC_NO_COMMON_BLOCKS = YES;
				GCC_WARN_64_TO_32_BIT_CONVERSION = YES;
				GCC_WARN_ABOUT_RETURN_TYPE = YES_ERROR;
				GCC_WARN_UNDECLARED_SELECTOR = YES;
				GCC_WARN_UNINITIALIZED_AUTOS = YES_AGGRESSIVE;
				GCC_WARN_UNUSED_FUNCTION = YES;
				GCC_WARN_UNUSED_VARIABLE = YES;
				IPHONEOS_DEPLOYMENT_TARGET = 10.1;
				MTL_ENABLE_DEBUG_INFO = NO;
				SDKROOT = iphoneos;
				TARGETED_DEVICE_FAMILY = "1,2";
				VALIDATE_PRODUCT = YES;
			};
			name = Release;
		};
		B35673001EA7433300E5B431 /* Debug */ = {
			isa = XCBuildConfiguration;
			buildSettings = {
				ASSETCATALOG_COMPILER_APPICON_NAME = AppIcon;
				DEVELOPMENT_TEAM = S8JFV8DVLR;
				INFOPLIST_FILE = TimeTunnel/Info.plist;
				LD_RUNPATH_SEARCH_PATHS = "$(inherited) @executable_path/Frameworks";
				PRODUCT_BUNDLE_IDENTIFIER = NextInnovation.TimeTunnel;
				PRODUCT_NAME = "$(TARGET_NAME)";
			};
			name = Debug;
		};
		B35673011EA7433300E5B431 /* Release */ = {
			isa = XCBuildConfiguration;
			buildSettings = {
				ASSETCATALOG_COMPILER_APPICON_NAME = AppIcon;
				DEVELOPMENT_TEAM = S8JFV8DVLR;
				INFOPLIST_FILE = TimeTunnel/Info.plist;
				LD_RUNPATH_SEARCH_PATHS = "$(inherited) @executable_path/Frameworks";
				PRODUCT_BUNDLE_IDENTIFIER = NextInnovation.TimeTunnel;
				PRODUCT_NAME = "$(TARGET_NAME)";
			};
			name = Release;
		};
/* End XCBuildConfiguration section */

/* Begin XCConfigurationList section */
		B35672E31EA7433300E5B431 /* Build configuration list for PBXProject "TimeTunnel" */ = {
			isa = XCConfigurationList;
			buildConfigurations = (
				B35672FD1EA7433300E5B431 /* Debug */,
				B35672FE1EA7433300E5B431 /* Release */,
			);
			defaultConfigurationIsVisible = 0;
			defaultConfigurationName = Release;
		};
		B35672FF1EA7433300E5B431 /* Build configuration list for PBXNativeTarget "TimeTunnel" */ = {
			isa = XCConfigurationList;
			buildConfigurations = (
				B35673001EA7433300E5B431 /* Debug */,
				B35673011EA7433300E5B431 /* Release */,
			);
			defaultConfigurationIsVisible = 0;
		};
/* End XCConfigurationList section */
	};
	rootObject = B35672E01EA7433300E5B431 /* Project object */;
}
